
Microsoft Visual Studio Solution File, Format Version 12.00
# Visual Studio Version 16
VisualStudioVersion = 16.0.31702.278
MinimumVisualStudioVersion = 10.0.40219.1
Project("{FAE04EC0-301F-11D3-BF4B-00C04F79EFBC}") = "PaintAppSimple", "PaintAppSimple.csproj", "{907E9538-3659-4E6E-8B87-E5D9C5D0B9BA}"
EndProject
Global
	GlobalSection(SolutionConfigurationPlatforms) = preSolution
		Debug|Any CPU = Debug|Any CPU
		Release|Any CPU = Release|Any CPU
	EndGlobalSection
	GlobalSection(ProjectConfigurationPlatforms) = postSolution
		{907E9538-3659-4E6E-8B87-E5D9C5D0B9BA}.Debug|Any CPU.ActiveCfg = Debug|Any CPU
		{907E9538-3659-4E6E-8B87-E5D9C5D0B9BA}.Debug|Any CPU.Build.0 = Debug|Any CPU
		{907E9538-3659-4E6E-8B87-E5D9C5D0B9BA}.Release|Any CPU.ActiveCfg = Release|Any CPU
		{907E9538-3659-4E6E-8B87-E5D9C5D0B9BA}.Release|Any CPU.Build.0 = Release|Any CPU
	EndGlobalSection
	GlobalSection(SolutionProperties) = preSolution
		HideSolutionNode = FALSE
	EndGlobalSection
	GlobalSection(ExtensibilityGlobals) = postSolution
		SolutionGuid = {B63B43B4-CF6D-441E-A13D-AD8624FB52BD}
	EndGlobalSection
EndGlobal
